
Microsoft Visual Studio Solution File, Format Version 12.00
# Visual Studio Version 17
VisualStudioVersion = 17.0.31808.319
MinimumVisualStudioVersion = 10.0.40219.1
Project("{2150E333-8FDC-42A3-9474-1A3956D46DE8}") = "01. Utilities", "01. Utilities", "{04ECB473-0F4D-45E6-9BA7-063291BA7CD1}"
EndProject
Project("{2150E333-8FDC-42A3-9474-1A3956D46DE8}") = "02. Core", "02. Core", "{B94044C5-9885-4847-872D-15E3C6ACD88D}"
EndProject
Project("{2150E333-8FDC-42A3-9474-1A3956D46DE8}") = "03. Infra", "03. Infra", "{DC544674-9E95-4F6E-94C8-545A77391E66}"
EndProject
Project("{2150E333-8FDC-42A3-9474-1A3956D46DE8}") = "04. EndPoints", "04. EndPoints", "{9F3D8639-2A2B-4B1C-88F0-56EB14C12E09}"
EndProject
Project("{9A19103F-16F7-4668-BE54-9A1E7A4F7556}") = "M.YZ.Basement.Utilities", "src\01. Utilities\M.YZ.Basement.Utilities\M.YZ.Basement.Utilities.csproj", "{F7A5D6C4-1DBA-45FB-A190-C627B54D3373}"
EndProject
Project("{9A19103F-16F7-4668-BE54-9A1E7A4F7556}") = "M.YZ.Basement.Core.Domain", "src\02. Core\M.YZ.Basement.Core.Domain\M.YZ.Basement.Core.Domain.csproj", "{245116EB-D94C-4CC0-BEBF-D5DE9AD6936D}"
EndProject
Project("{9A19103F-16F7-4668-BE54-9A1E7A4F7556}") = "M.YZ.Basement.EndPoints.Web", "src\04. EndPoints\M.YZ.Basement.EndPoints.Web\M.YZ.Basement.EndPoints.Web.csproj", "{4DE1AD9B-C8DC-4AEC-A469-A34B79CBEA5E}"
EndProject
Project("{2150E333-8FDC-42A3-9474-1A3956D46DE8}") = "Data", "Data", "{0D4F6C7C-2BB8-4D6F-BA61-0CDE70BFB60E}"
EndProject
Project("{2150E333-8FDC-42A3-9474-1A3956D46DE8}") = "Tools", "Tools", "{6E361992-F140-4083-9132-78A9A652D1E7}"
EndProject
Project("{9A19103F-16F7-4668-BE54-9A1E7A4F7556}") = "M.YZ.Basement.Infra.Tools.OM.AutoMapper", "src\03. Infra\Tools\M.YZ.Basement.Infra.Tools.OM.AutoMapper\M.YZ.Basement.Infra.Tools.OM.AutoMapper.csproj", "{07E11759-96E4-44CA-8C61-24E7E06F1970}"
EndProject
Project("{9A19103F-16F7-4668-BE54-9A1E7A4F7556}") = "M.YZ.Basement.Infra.Tools.Srlzr.NewtonSoft", "src\03. Infra\Tools\M.YZ.Basement.Infra.Tools.Srlzr.NewtonSoft\M.YZ.Basement.Infra.Tools.Srlzr.NewtonSoft.csproj", "{E919F3AD-8DA5-4EA7-87A9-6919ED2DDDEE}"
EndProject
Project("{2150E333-8FDC-42A3-9474-1A3956D46DE8}") = "src", "src", "{E7434B7F-E97D-47B7-B3CB-7E8A389AD36E}"
EndProject
Project("{9A19103F-16F7-4668-BE54-9A1E7A4F7556}") = "M.YZ.Basement.Infra.Data.Sql", "src\03. Infra\Data\SqlServer\M.YZ.Basement.Infra.Data.Sql\M.YZ.Basement.Infra.Data.Sql.csproj", "{5DF2F258-FA41-4A68-B30B-295698995947}"
EndProject
Project("{9A19103F-16F7-4668-BE54-9A1E7A4F7556}") = "M.YZ.Basement.Infra.Data.Sql.Commands", "src\03. Infra\Data\SqlServer\M.YZ.Basement.Infra.Data.Sql.Commands\M.YZ.Basement.Infra.Data.Sql.Commands.csproj", "{E0E9A63C-F867-4481-BAE9-BA96AFE9B586}"
EndProject
Project("{9A19103F-16F7-4668-BE54-9A1E7A4F7556}") = "M.YZ.Basement.Infra.Data.Sql.Queries", "src\03. Infra\Data\SqlServer\M.YZ.Basement.Infra.Data.Sql.Queries\M.YZ.Basement.Infra.Data.Sql.Queries.csproj", "{BD538541-EF39-45EC-9A56-C77A78A9AD16}"
EndProject
Project("{9A19103F-16F7-4668-BE54-9A1E7A4F7556}") = "M.YZ.Basement.Infra.Tools.Srlzr.EPPlus", "src\03. Infra\Tools\M.YZ.Basement.Infra.Tools.Srlzr.EPPlus\M.YZ.Basement.Infra.Tools.Srlzr.EPPlus.csproj", "{22DD1F26-2F6B-4A58-9988-2744C176FFD7}"
EndProject
Project("{2150E333-8FDC-42A3-9474-1A3956D46DE8}") = "tests", "tests", "{28A42D92-CE3E-4305-8623-FF41657A0314}"
EndProject
Project("{2150E333-8FDC-42A3-9474-1A3956D46DE8}") = "Events", "Events", "{7C975EC2-CDEA-451A-980A-EB1B6F326C8C}"
EndProject
Project("{9A19103F-16F7-4668-BE54-9A1E7A4F7556}") = "M.YZ.Basement.Core.ApplicationServices", "src\02. Core\M.YZ.Basement.Core.ApplicationServices\M.YZ.Basement.Core.ApplicationServices.csproj", "{6CD3DE1B-42B1-483A-90DB-2713CE01E321}"
EndProject
Project("{9A19103F-16F7-4668-BE54-9A1E7A4F7556}") = "M.YZ.Basement.Core.Domain.Toolkits", "src\02. Core\M.YZ.Basement.Core.Domain.Toolkits\M.YZ.Basement.Core.Domain.Toolkits.csproj", "{B7A2DBD7-F5B6-4407-AA96-964FE0D87C0F}"
EndProject
Project("{9A19103F-16F7-4668-BE54-9A1E7A4F7556}") = "M.YZ.Basement.Infra.Events.Outbox", "src\03. Infra\Events\M.YZ.Basement.Infra.Events.Outbox\M.YZ.Basement.Infra.Events.Outbox.csproj", "{37E97D23-31DA-4094-9F79-E42FBDEEA8E3}"
EndProject
Project("{9A19103F-16F7-4668-BE54-9A1E7A4F7556}") = "M.YZ.Basement.Infra.Tools.Caching.Microsoft", "src\03. Infra\Tools\M.YZ.Basement.Infra.Tools.Caching.Microsoft\M.YZ.Basement.Infra.Tools.Caching.Microsoft.csproj", "{C2B6F1A3-1097-4915-8AAC-C8CC8BF0DDAF}"
EndProject
Project("{9A19103F-16F7-4668-BE54-9A1E7A4F7556}") = "M.YZ.Basement.Infra.Tools.Localizer.Parrot", "src\03. Infra\Tools\M.YZ.Basement.Infra.Tools.Localizer.Parrot\M.YZ.Basement.Infra.Tools.Localizer.Parrot.csproj", "{F45CBC29-4046-4440-9437-44CFE1740FB8}"
EndProject
Project("{9A19103F-16F7-4668-BE54-9A1E7A4F7556}") = "M.YZ.Basement.Infra.Events.PoolingPublisher", "src\03. Infra\Events\M.YZ.Basement.Infra.Events.PoolingPublisher\M.YZ.Basement.Infra.Events.PoolingPublisher.csproj", "{972FB613-63D2-41E8-A408-99DF28CC883F}"
EndProject
Project("{2150E333-8FDC-42A3-9474-1A3956D46DE8}") = "Messaging", "Messaging", "{06E21D59-00F0-4DCB-9BEA-333DF2B0B1F2}"
EndProject
Project("{9A19103F-16F7-4668-BE54-9A1E7A4F7556}") = "M.YZ.Basement.Messaging.IdempotentConsumers", "src\03. Infra\Messaging\M.YZ.Basement.Messaging.IdempotentConsumers\M.YZ.Basement.Messaging.IdempotentConsumers.csproj", "{42EA21FA-3330-4A4E-A204-6FBA4ABEDEFD}"
EndProject
Project("{9A19103F-16F7-4668-BE54-9A1E7A4F7556}") = "M.YZ.Basement.Messaging.MessageBus.RabbitMq", "src\03. Infra\Messaging\M.YZ.Basement.Messaging.MessageBus.RabbitMq\M.YZ.Basement.Messaging.MessageBus.RabbitMq.csproj", "{868ED513-8196-4286-A9DF-36B1E6D71F2D}"
EndProject
Project("{9A19103F-16F7-4668-BE54-9A1E7A4F7556}") = "M.YZ.Basement.Messaging.IdempotentConsumers.Store.Sql", "src\03. Infra\Messaging\M.YZ.Basement.Messaging.IdempotentConsumers.Store.Sql\M.YZ.Basement.Messaging.IdempotentConsumers.Store.Sql.csproj", "{26AFF4B4-16C8-41F5-A908-128BCE539E09}"
EndProject
Project("{9A19103F-16F7-4668-BE54-9A1E7A4F7556}") = "M.YZ.Basement.Infra.Data.ChangeInterceptors", "src\03. Infra\Data\M.YZ.Basement.Infra.Data.ChangeInterceptors\M.YZ.Basement.Infra.Data.ChangeInterceptors.csproj", "{9A1A2E10-C1E9-4834-8E6D-EA15CE938B09}"
EndProject
Project("{9A19103F-16F7-4668-BE54-9A1E7A4F7556}") = "M.YZ.Basement.Infra.Data.ChangeInterceptors.Sql", "src\03. Infra\Data\SqlServer\M.YZ.Basement.Infra.Data.ChangeInterceptors.Sql\M.YZ.Basement.Infra.Data.ChangeInterceptors.Sql.csproj", "{4B775DCB-5A9A-4F73-BCC9-B7D38B3C9C21}"
EndProject
Project("{9A19103F-16F7-4668-BE54-9A1E7A4F7556}") = "M.YZ.Basement.Core.Contracts", "src\02. Core\M.YZ.Basement.Core.Contracts\M.YZ.Basement.Core.Contracts.csproj", "{4C51B974-32AD-4019-8F2F-4B42C7CF18D1}"
EndProject
Project("{2150E333-8FDC-42A3-9474-1A3956D46DE8}") = "sample", "sample", "{6EF84FB6-54E1-4265-9310-C24850F9AD50}"
EndProject
Project("{2150E333-8FDC-42A3-9474-1A3956D46DE8}") = "01. Core", "01. Core", "{9DF1B917-7C22-4894-985E-D2101A764879}"
EndProject
Project("{2150E333-8FDC-42A3-9474-1A3956D46DE8}") = "02. Infra", "02. Infra", "{82F3A96F-E183-4A95-A651-A631CF4DD12A}"
EndProject
Project("{2150E333-8FDC-42A3-9474-1A3956D46DE8}") = "03. Endpoint", "03. Endpoint", "{B1670892-08C8-4605-8822-A6FF6111E756}"
EndProject
Project("{9A19103F-16F7-4668-BE54-9A1E7A4F7556}") = "Zamin.MiniBlog.Core.ApplicationServices", "samples\MiniBlog\01. Core\Zamin.MiniBlog.Core.ApplicationServices\Zamin.MiniBlog.Core.ApplicationServices.csproj", "{77C37959-803F-475F-B42A-78388FDE182F}"
EndProject
Project("{9A19103F-16F7-4668-BE54-9A1E7A4F7556}") = "Zamin.MiniBlog.Core.Domain", "samples\MiniBlog\01. Core\Zamin.MiniBlog.Core.Domain\Zamin.MiniBlog.Core.Domain.csproj", "{3378C0E3-2ECC-4611-9D03-67CB23A8E33F}"
EndProject
Project("{9A19103F-16F7-4668-BE54-9A1E7A4F7556}") = "Zamin.MiniBlog.Infra.Data.Sql.Commands", "samples\MiniBlog\02. Infra\Zamin.MiniBlog.Infra.Data.Sql\Zamin.MiniBlog.Infra.Data.Sql.Commands.csproj", "{0A7F95A7-FF86-4E71-B81C-FBAD1E1E52CD}"
EndProject
Project("{9A19103F-16F7-4668-BE54-9A1E7A4F7556}") = "Zamin.MiniBlog.Infra.Data.Sql.Queries", "samples\MiniBlog\02. Infra\Zamin.MiniBlog.Infra.Data.Sql.Queries\Zamin.MiniBlog.Infra.Data.Sql.Queries.csproj", "{E09FC53E-816F-49F9-9C68-9A0A045AC32A}"
EndProject
Project("{9A19103F-16F7-4668-BE54-9A1E7A4F7556}") = "Zamin.MiniBlog.EndPoints.Api", "samples\MiniBlog\03. EndPoints\Zamin.MiniBlog.EndPoints.Api\Zamin.MiniBlog.EndPoints.Api.csproj", "{62A8A505-1217-46E1-8844-FD2C3137ED43}"
EndProject
Project("{2150E333-8FDC-42A3-9474-1A3956D46DE8}") = "MongoDb", "MongoDb", "{2FACEBF9-B937-4A47-9934-AAB067E2E848}"
EndProject
Project("{2150E333-8FDC-42A3-9474-1A3956D46DE8}") = "SqlServer", "SqlServer", "{9F080A81-F377-424E-A9BD-89F5277C52EB}"
EndProject
Project("{9A19103F-16F7-4668-BE54-9A1E7A4F7556}") = "M.YZ.Basement.Infra.Data.ChangeInterceptors.MongoDb", "src\03. Infra\Data\MongoDb\M.YZ.Basement.Infra.Data.ChangeInterceptors.MongoDb\M.YZ.Basement.Infra.Data.ChangeInterceptors.MongoDb.csproj", "{6CABAFD5-6D6F-44B0-8F20-33252B26667E}"
EndProject
Project("{9A19103F-16F7-4668-BE54-9A1E7A4F7556}") = "M.YZ.Basement.Infra.Data.MongoDb", "src\03. Infra\Data\MongoDb\M.YZ.Basement.Infra.Data.MongoDb\M.YZ.Basement.Infra.Data.MongoDb.csproj", "{1A2E1412-8808-49DA-B172-28CE0A53CCFA}"
EndProject
Project("{9A19103F-16F7-4668-BE54-9A1E7A4F7556}") = "M.YZ.Basement.EndPoints.Web.MongoDb", "src\04. EndPoints\M.YZ.Basement.EndPoints.Web.MongoDb\M.YZ.Basement.EndPoints.Web.MongoDb.csproj", "{FEB15F5F-1CD3-42BA-A2EF-975E4ED826E6}"
EndProject
Project("{9A19103F-16F7-4668-BE54-9A1E7A4F7556}") = "M.YZ.Basement.EndPoints.Web.SqlServer", "src\04. EndPoints\M.YZ.Basement.EndPoints.Web.SqlServer\M.YZ.Basement.EndPoints.Web.SqlServer.csproj", "{98E2896A-F18C-441A-8938-F468183DFB25}"
EndProject
Project("{2150E333-8FDC-42A3-9474-1A3956D46DE8}") = "IoC", "IoC", "{63BE277B-5BBD-43FD-B9AA-E0CCCD1723BC}"
EndProject
Project("{FAE04EC0-301F-11D3-BF4B-00C04F79EFBC}") = "M.YZ.Basement.Infra.IoC", "src\03. Infra\IoC\M.YZ.Basement.Infra.IoC\M.YZ.Basement.Infra.IoC.csproj", "{75E53D5F-F660-4C14-B182-9CDCE29C16E9}"
EndProject
Global
	GlobalSection(SolutionConfigurationPlatforms) = preSolution
		Debug|Any CPU = Debug|Any CPU
		Release|Any CPU = Release|Any CPU
	EndGlobalSection
	GlobalSection(ProjectConfigurationPlatforms) = postSolution
		{F7A5D6C4-1DBA-45FB-A190-C627B54D3373}.Debug|Any CPU.ActiveCfg = Debug|Any CPU
		{F7A5D6C4-1DBA-45FB-A190-C627B54D3373}.Debug|Any CPU.Build.0 = Debug|Any CPU
		{F7A5D6C4-1DBA-45FB-A190-C627B54D3373}.Release|Any CPU.ActiveCfg = Release|Any CPU
		{F7A5D6C4-1DBA-45FB-A190-C627B54D3373}.Release|Any CPU.Build.0 = Release|Any CPU
		{245116EB-D94C-4CC0-BEBF-D5DE9AD6936D}.Debug|Any CPU.ActiveCfg = Debug|Any CPU
		{245116EB-D94C-4CC0-BEBF-D5DE9AD6936D}.Debug|Any CPU.Build.0 = Debug|Any CPU
		{245116EB-D94C-4CC0-BEBF-D5DE9AD6936D}.Release|Any CPU.ActiveCfg = Release|Any CPU
		{245116EB-D94C-4CC0-BEBF-D5DE9AD6936D}.Release|Any CPU.Build.0 = Release|Any CPU
		{4DE1AD9B-C8DC-4AEC-A469-A34B79CBEA5E}.Debug|Any CPU.ActiveCfg = Debug|Any CPU
		{4DE1AD9B-C8DC-4AEC-A469-A34B79CBEA5E}.Debug|Any CPU.Build.0 = Debug|Any CPU
		{4DE1AD9B-C8DC-4AEC-A469-A34B79CBEA5E}.Release|Any CPU.ActiveCfg = Release|Any CPU
		{4DE1AD9B-C8DC-4AEC-A469-A34B79CBEA5E}.Release|Any CPU.Build.0 = Release|Any CPU
		{07E11759-96E4-44CA-8C61-24E7E06F1970}.Debug|Any CPU.ActiveCfg = Debug|Any CPU
		{07E11759-96E4-44CA-8C61-24E7E06F1970}.Debug|Any CPU.Build.0 = Debug|Any CPU
		{07E11759-96E4-44CA-8C61-24E7E06F1970}.Release|Any CPU.ActiveCfg = Release|Any CPU
		{07E11759-96E4-44CA-8C61-24E7E06F1970}.Release|Any CPU.Build.0 = Release|Any CPU
		{E919F3AD-8DA5-4EA7-87A9-6919ED2DDDEE}.Debug|Any CPU.ActiveCfg = Debug|Any CPU
		{E919F3AD-8DA5-4EA7-87A9-6919ED2DDDEE}.Debug|Any CPU.Build.0 = Debug|Any CPU
		{E919F3AD-8DA5-4EA7-87A9-6919ED2DDDEE}.Release|Any CPU.ActiveCfg = Release|Any CPU
		{E919F3AD-8DA5-4EA7-87A9-6919ED2DDDEE}.Release|Any CPU.Build.0 = Release|Any CPU
		{5DF2F258-FA41-4A68-B30B-295698995947}.Debug|Any CPU.ActiveCfg = Debug|Any CPU
		{5DF2F258-FA41-4A68-B30B-295698995947}.Debug|Any CPU.Build.0 = Debug|Any CPU
		{5DF2F258-FA41-4A68-B30B-295698995947}.Release|Any CPU.ActiveCfg = Release|Any CPU
		{5DF2F258-FA41-4A68-B30B-295698995947}.Release|Any CPU.Build.0 = Release|Any CPU
		{E0E9A63C-F867-4481-BAE9-BA96AFE9B586}.Debug|Any CPU.ActiveCfg = Debug|Any CPU
		{E0E9A63C-F867-4481-BAE9-BA96AFE9B586}.Debug|Any CPU.Build.0 = Debug|Any CPU
		{E0E9A63C-F867-4481-BAE9-BA96AFE9B586}.Release|Any CPU.ActiveCfg = Release|Any CPU
		{E0E9A63C-F867-4481-BAE9-BA96AFE9B586}.Release|Any CPU.Build.0 = Release|Any CPU
		{BD538541-EF39-45EC-9A56-C77A78A9AD16}.Debug|Any CPU.ActiveCfg = Debug|Any CPU
		{BD538541-EF39-45EC-9A56-C77A78A9AD16}.Debug|Any CPU.Build.0 = Debug|Any CPU
		{BD538541-EF39-45EC-9A56-C77A78A9AD16}.Release|Any CPU.ActiveCfg = Release|Any CPU
		{BD538541-EF39-45EC-9A56-C77A78A9AD16}.Release|Any CPU.Build.0 = Release|Any CPU
		{22DD1F26-2F6B-4A58-9988-2744C176FFD7}.Debug|Any CPU.ActiveCfg = Debug|Any CPU
		{22DD1F26-2F6B-4A58-9988-2744C176FFD7}.Debug|Any CPU.Build.0 = Debug|Any CPU
		{22DD1F26-2F6B-4A58-9988-2744C176FFD7}.Release|Any CPU.ActiveCfg = Release|Any CPU
		{22DD1F26-2F6B-4A58-9988-2744C176FFD7}.Release|Any CPU.Build.0 = Release|Any CPU
		{6CD3DE1B-42B1-483A-90DB-2713CE01E321}.Debug|Any CPU.ActiveCfg = Debug|Any CPU
		{6CD3DE1B-42B1-483A-90DB-2713CE01E321}.Debug|Any CPU.Build.0 = Debug|Any CPU
		{6CD3DE1B-42B1-483A-90DB-2713CE01E321}.Release|Any CPU.ActiveCfg = Release|Any CPU
		{6CD3DE1B-42B1-483A-90DB-2713CE01E321}.Release|Any CPU.Build.0 = Release|Any CPU
		{B7A2DBD7-F5B6-4407-AA96-964FE0D87C0F}.Debug|Any CPU.ActiveCfg = Debug|Any CPU
		{B7A2DBD7-F5B6-4407-AA96-964FE0D87C0F}.Debug|Any CPU.Build.0 = Debug|Any CPU
		{B7A2DBD7-F5B6-4407-AA96-964FE0D87C0F}.Release|Any CPU.ActiveCfg = Release|Any CPU
		{B7A2DBD7-F5B6-4407-AA96-964FE0D87C0F}.Release|Any CPU.Build.0 = Release|Any CPU
		{37E97D23-31DA-4094-9F79-E42FBDEEA8E3}.Debug|Any CPU.ActiveCfg = Debug|Any CPU
		{37E97D23-31DA-4094-9F79-E42FBDEEA8E3}.Debug|Any CPU.Build.0 = Debug|Any CPU
		{37E97D23-31DA-4094-9F79-E42FBDEEA8E3}.Release|Any CPU.ActiveCfg = Release|Any CPU
		{37E97D23-31DA-4094-9F79-E42FBDEEA8E3}.Release|Any CPU.Build.0 = Release|Any CPU
		{C2B6F1A3-1097-4915-8AAC-C8CC8BF0DDAF}.Debug|Any CPU.ActiveCfg = Debug|Any CPU
		{C2B6F1A3-1097-4915-8AAC-C8CC8BF0DDAF}.Debug|Any CPU.Build.0 = Debug|Any CPU
		{C2B6F1A3-1097-4915-8AAC-C8CC8BF0DDAF}.Release|Any CPU.ActiveCfg = Release|Any CPU
		{C2B6F1A3-1097-4915-8AAC-C8CC8BF0DDAF}.Release|Any CPU.Build.0 = Release|Any CPU
		{F45CBC29-4046-4440-9437-44CFE1740FB8}.Debug|Any CPU.ActiveCfg = Debug|Any CPU
		{F45CBC29-4046-4440-9437-44CFE1740FB8}.Debug|Any CPU.Build.0 = Debug|Any CPU
		{F45CBC29-4046-4440-9437-44CFE1740FB8}.Release|Any CPU.ActiveCfg = Release|Any CPU
		{F45CBC29-4046-4440-9437-44CFE1740FB8}.Release|Any CPU.Build.0 = Release|Any CPU
		{972FB613-63D2-41E8-A408-99DF28CC883F}.Debug|Any CPU.ActiveCfg = Debug|Any CPU
		{972FB613-63D2-41E8-A408-99DF28CC883F}.Debug|Any CPU.Build.0 = Debug|Any CPU
		{972FB613-63D2-41E8-A408-99DF28CC883F}.Release|Any CPU.ActiveCfg = Release|Any CPU
		{972FB613-63D2-41E8-A408-99DF28CC883F}.Release|Any CPU.Build.0 = Release|Any CPU
		{42EA21FA-3330-4A4E-A204-6FBA4ABEDEFD}.Debug|Any CPU.ActiveCfg = Debug|Any CPU
		{42EA21FA-3330-4A4E-A204-6FBA4ABEDEFD}.Debug|Any CPU.Build.0 = Debug|Any CPU
		{42EA21FA-3330-4A4E-A204-6FBA4ABEDEFD}.Release|Any CPU.ActiveCfg = Release|Any CPU
		{42EA21FA-3330-4A4E-A204-6FBA4ABEDEFD}.Release|Any CPU.Build.0 = Release|Any CPU
		{868ED513-8196-4286-A9DF-36B1E6D71F2D}.Debug|Any CPU.ActiveCfg = Debug|Any CPU
		{868ED513-8196-4286-A9DF-36B1E6D71F2D}.Debug|Any CPU.Build.0 = Debug|Any CPU
		{868ED513-8196-4286-A9DF-36B1E6D71F2D}.Release|Any CPU.ActiveCfg = Release|Any CPU
		{868ED513-8196-4286-A9DF-36B1E6D71F2D}.Release|Any CPU.Build.0 = Release|Any CPU
		{26AFF4B4-16C8-41F5-A908-128BCE539E09}.Debug|Any CPU.ActiveCfg = Debug|Any CPU
		{26AFF4B4-16C8-41F5-A908-128BCE539E09}.Debug|Any CPU.Build.0 = Debug|Any CPU
		{26AFF4B4-16C8-41F5-A908-128BCE539E09}.Release|Any CPU.ActiveCfg = Release|Any CPU
		{26AFF4B4-16C8-41F5-A908-128BCE539E09}.Release|Any CPU.Build.0 = Release|Any CPU
		{9A1A2E10-C1E9-4834-8E6D-EA15CE938B09}.Debug|Any CPU.ActiveCfg = Debug|Any CPU
		{9A1A2E10-C1E9-4834-8E6D-EA15CE938B09}.Debug|Any CPU.Build.0 = Debug|Any CPU
		{9A1A2E10-C1E9-4834-8E6D-EA15CE938B09}.Release|Any CPU.ActiveCfg = Release|Any CPU
		{9A1A2E10-C1E9-4834-8E6D-EA15CE938B09}.Release|Any CPU.Build.0 = Release|Any CPU
		{4B775DCB-5A9A-4F73-BCC9-B7D38B3C9C21}.Debug|Any CPU.ActiveCfg = Debug|Any CPU
		{4B775DCB-5A9A-4F73-BCC9-B7D38B3C9C21}.Debug|Any CPU.Build.0 = Debug|Any CPU
		{4B775DCB-5A9A-4F73-BCC9-B7D38B3C9C21}.Release|Any CPU.ActiveCfg = Release|Any CPU
		{4B775DCB-5A9A-4F73-BCC9-B7D38B3C9C21}.Release|Any CPU.Build.0 = Release|Any CPU
		{4C51B974-32AD-4019-8F2F-4B42C7CF18D1}.Debug|Any CPU.ActiveCfg = Debug|Any CPU
		{4C51B974-32AD-4019-8F2F-4B42C7CF18D1}.Debug|Any CPU.Build.0 = Debug|Any CPU
		{4C51B974-32AD-4019-8F2F-4B42C7CF18D1}.Release|Any CPU.ActiveCfg = Release|Any CPU
		{4C51B974-32AD-4019-8F2F-4B42C7CF18D1}.Release|Any CPU.Build.0 = Release|Any CPU
		{77C37959-803F-475F-B42A-78388FDE182F}.Debug|Any CPU.ActiveCfg = Debug|Any CPU
		{77C37959-803F-475F-B42A-78388FDE182F}.Debug|Any CPU.Build.0 = Debug|Any CPU
		{77C37959-803F-475F-B42A-78388FDE182F}.Release|Any CPU.ActiveCfg = Release|Any CPU
		{77C37959-803F-475F-B42A-78388FDE182F}.Release|Any CPU.Build.0 = Release|Any CPU
		{3378C0E3-2ECC-4611-9D03-67CB23A8E33F}.Debug|Any CPU.ActiveCfg = Debug|Any CPU
		{3378C0E3-2ECC-4611-9D03-67CB23A8E33F}.Debug|Any CPU.Build.0 = Debug|Any CPU
		{3378C0E3-2ECC-4611-9D03-67CB23A8E33F}.Release|Any CPU.ActiveCfg = Release|Any CPU
		{3378C0E3-2ECC-4611-9D03-67CB23A8E33F}.Release|Any CPU.Build.0 = Release|Any CPU
		{0A7F95A7-FF86-4E71-B81C-FBAD1E1E52CD}.Debug|Any CPU.ActiveCfg = Debug|Any CPU
		{0A7F95A7-FF86-4E71-B81C-FBAD1E1E52CD}.Debug|Any CPU.Build.0 = Debug|Any CPU
		{0A7F95A7-FF86-4E71-B81C-FBAD1E1E52CD}.Release|Any CPU.ActiveCfg = Release|Any CPU
		{0A7F95A7-FF86-4E71-B81C-FBAD1E1E52CD}.Release|Any CPU.Build.0 = Release|Any CPU
		{E09FC53E-816F-49F9-9C68-9A0A045AC32A}.Debug|Any CPU.ActiveCfg = Debug|Any CPU
		{E09FC53E-816F-49F9-9C68-9A0A045AC32A}.Debug|Any CPU.Build.0 = Debug|Any CPU
		{E09FC53E-816F-49F9-9C68-9A0A045AC32A}.Release|Any CPU.ActiveCfg = Release|Any CPU
		{E09FC53E-816F-49F9-9C68-9A0A045AC32A}.Release|Any CPU.Build.0 = Release|Any CPU
		{62A8A505-1217-46E1-8844-FD2C3137ED43}.Debug|Any CPU.ActiveCfg = Debug|Any CPU
		{62A8A505-1217-46E1-8844-FD2C3137ED43}.Debug|Any CPU.Build.0 = Debug|Any CPU
		{62A8A505-1217-46E1-8844-FD2C3137ED43}.Release|Any CPU.ActiveCfg = Release|Any CPU
		{62A8A505-1217-46E1-8844-FD2C3137ED43}.Release|Any CPU.Build.0 = Release|Any CPU
		{6CABAFD5-6D6F-44B0-8F20-33252B26667E}.Debug|Any CPU.ActiveCfg = Debug|Any CPU
		{6CABAFD5-6D6F-44B0-8F20-33252B26667E}.Debug|Any CPU.Build.0 = Debug|Any CPU
		{6CABAFD5-6D6F-44B0-8F20-33252B26667E}.Release|Any CPU.ActiveCfg = Release|Any CPU
		{6CABAFD5-6D6F-44B0-8F20-33252B26667E}.Release|Any CPU.Build.0 = Release|Any CPU
		{1A2E1412-8808-49DA-B172-28CE0A53CCFA}.Debug|Any CPU.ActiveCfg = Debug|Any CPU
		{1A2E1412-8808-49DA-B172-28CE0A53CCFA}.Debug|Any CPU.Build.0 = Debug|Any CPU
		{1A2E1412-8808-49DA-B172-28CE0A53CCFA}.Release|Any CPU.ActiveCfg = Release|Any CPU
		{1A2E1412-8808-49DA-B172-28CE0A53CCFA}.Release|Any CPU.Build.0 = Release|Any CPU
		{FEB15F5F-1CD3-42BA-A2EF-975E4ED826E6}.Debug|Any CPU.ActiveCfg = Debug|Any CPU
		{FEB15F5F-1CD3-42BA-A2EF-975E4ED826E6}.Debug|Any CPU.Build.0 = Debug|Any CPU
		{FEB15F5F-1CD3-42BA-A2EF-975E4ED826E6}.Release|Any CPU.ActiveCfg = Release|Any CPU
		{FEB15F5F-1CD3-42BA-A2EF-975E4ED826E6}.Release|Any CPU.Build.0 = Release|Any CPU
		{98E2896A-F18C-441A-8938-F468183DFB25}.Debug|Any CPU.ActiveCfg = Debug|Any CPU
		{98E2896A-F18C-441A-8938-F468183DFB25}.Debug|Any CPU.Build.0 = Debug|Any CPU
		{98E2896A-F18C-441A-8938-F468183DFB25}.Release|Any CPU.ActiveCfg = Release|Any CPU
		{98E2896A-F18C-441A-8938-F468183DFB25}.Release|Any CPU.Build.0 = Release|Any CPU
		{75E53D5F-F660-4C14-B182-9CDCE29C16E9}.Debug|Any CPU.ActiveCfg = Debug|Any CPU
		{75E53D5F-F660-4C14-B182-9CDCE29C16E9}.Debug|Any CPU.Build.0 = Debug|Any CPU
		{75E53D5F-F660-4C14-B182-9CDCE29C16E9}.Release|Any CPU.ActiveCfg = Release|Any CPU
		{75E53D5F-F660-4C14-B182-9CDCE29C16E9}.Release|Any CPU.Build.0 = Release|Any CPU
	EndGlobalSection
	GlobalSection(SolutionProperties) = preSolution
		HideSolutionNode = FALSE
	EndGlobalSection
	GlobalSection(NestedProjects) = preSolution
		{04ECB473-0F4D-45E6-9BA7-063291BA7CD1} = {E7434B7F-E97D-47B7-B3CB-7E8A389AD36E}
		{B94044C5-9885-4847-872D-15E3C6ACD88D} = {E7434B7F-E97D-47B7-B3CB-7E8A389AD36E}
		{DC544674-9E95-4F6E-94C8-545A77391E66} = {E7434B7F-E97D-47B7-B3CB-7E8A389AD36E}
		{9F3D8639-2A2B-4B1C-88F0-56EB14C12E09} = {E7434B7F-E97D-47B7-B3CB-7E8A389AD36E}
		{F7A5D6C4-1DBA-45FB-A190-C627B54D3373} = {04ECB473-0F4D-45E6-9BA7-063291BA7CD1}
		{245116EB-D94C-4CC0-BEBF-D5DE9AD6936D} = {B94044C5-9885-4847-872D-15E3C6ACD88D}
		{4DE1AD9B-C8DC-4AEC-A469-A34B79CBEA5E} = {9F3D8639-2A2B-4B1C-88F0-56EB14C12E09}
		{0D4F6C7C-2BB8-4D6F-BA61-0CDE70BFB60E} = {DC544674-9E95-4F6E-94C8-545A77391E66}
		{6E361992-F140-4083-9132-78A9A652D1E7} = {DC544674-9E95-4F6E-94C8-545A77391E66}
		{07E11759-96E4-44CA-8C61-24E7E06F1970} = {6E361992-F140-4083-9132-78A9A652D1E7}
		{E919F3AD-8DA5-4EA7-87A9-6919ED2DDDEE} = {6E361992-F140-4083-9132-78A9A652D1E7}
		{5DF2F258-FA41-4A68-B30B-295698995947} = {9F080A81-F377-424E-A9BD-89F5277C52EB}
		{E0E9A63C-F867-4481-BAE9-BA96AFE9B586} = {9F080A81-F377-424E-A9BD-89F5277C52EB}
		{BD538541-EF39-45EC-9A56-C77A78A9AD16} = {9F080A81-F377-424E-A9BD-89F5277C52EB}
		{22DD1F26-2F6B-4A58-9988-2744C176FFD7} = {6E361992-F140-4083-9132-78A9A652D1E7}
		{7C975EC2-CDEA-451A-980A-EB1B6F326C8C} = {DC544674-9E95-4F6E-94C8-545A77391E66}
		{6CD3DE1B-42B1-483A-90DB-2713CE01E321} = {B94044C5-9885-4847-872D-15E3C6ACD88D}
		{B7A2DBD7-F5B6-4407-AA96-964FE0D87C0F} = {B94044C5-9885-4847-872D-15E3C6ACD88D}
		{37E97D23-31DA-4094-9F79-E42FBDEEA8E3} = {7C975EC2-CDEA-451A-980A-EB1B6F326C8C}
		{C2B6F1A3-1097-4915-8AAC-C8CC8BF0DDAF} = {6E361992-F140-4083-9132-78A9A652D1E7}
		{F45CBC29-4046-4440-9437-44CFE1740FB8} = {6E361992-F140-4083-9132-78A9A652D1E7}
		{972FB613-63D2-41E8-A408-99DF28CC883F} = {7C975EC2-CDEA-451A-980A-EB1B6F326C8C}
		{06E21D59-00F0-4DCB-9BEA-333DF2B0B1F2} = {DC544674-9E95-4F6E-94C8-545A77391E66}
		{42EA21FA-3330-4A4E-A204-6FBA4ABEDEFD} = {06E21D59-00F0-4DCB-9BEA-333DF2B0B1F2}
		{868ED513-8196-4286-A9DF-36B1E6D71F2D} = {06E21D59-00F0-4DCB-9BEA-333DF2B0B1F2}
		{26AFF4B4-16C8-41F5-A908-128BCE539E09} = {06E21D59-00F0-4DCB-9BEA-333DF2B0B1F2}
		{9A1A2E10-C1E9-4834-8E6D-EA15CE938B09} = {0D4F6C7C-2BB8-4D6F-BA61-0CDE70BFB60E}
		{4B775DCB-5A9A-4F73-BCC9-B7D38B3C9C21} = {9F080A81-F377-424E-A9BD-89F5277C52EB}
		{4C51B974-32AD-4019-8F2F-4B42C7CF18D1} = {B94044C5-9885-4847-872D-15E3C6ACD88D}
		{9DF1B917-7C22-4894-985E-D2101A764879} = {6EF84FB6-54E1-4265-9310-C24850F9AD50}
		{82F3A96F-E183-4A95-A651-A631CF4DD12A} = {6EF84FB6-54E1-4265-9310-C24850F9AD50}
		{B1670892-08C8-4605-8822-A6FF6111E756} = {6EF84FB6-54E1-4265-9310-C24850F9AD50}
		{77C37959-803F-475F-B42A-78388FDE182F} = {9DF1B917-7C22-4894-985E-D2101A764879}
		{3378C0E3-2ECC-4611-9D03-67CB23A8E33F} = {9DF1B917-7C22-4894-985E-D2101A764879}
		{0A7F95A7-FF86-4E71-B81C-FBAD1E1E52CD} = {82F3A96F-E183-4A95-A651-A631CF4DD12A}
		{E09FC53E-816F-49F9-9C68-9A0A045AC32A} = {82F3A96F-E183-4A95-A651-A631CF4DD12A}
		{62A8A505-1217-46E1-8844-FD2C3137ED43} = {B1670892-08C8-4605-8822-A6FF6111E756}
		{2FACEBF9-B937-4A47-9934-AAB067E2E848} = {0D4F6C7C-2BB8-4D6F-BA61-0CDE70BFB60E}
		{9F080A81-F377-424E-A9BD-89F5277C52EB} = {0D4F6C7C-2BB8-4D6F-BA61-0CDE70BFB60E}
		{6CABAFD5-6D6F-44B0-8F20-33252B26667E} = {2FACEBF9-B937-4A47-9934-AAB067E2E848}
		{1A2E1412-8808-49DA-B172-28CE0A53CCFA} = {2FACEBF9-B937-4A47-9934-AAB067E2E848}
		{FEB15F5F-1CD3-42BA-A2EF-975E4ED826E6} = {9F3D8639-2A2B-4B1C-88F0-56EB14C12E09}
		{98E2896A-F18C-441A-8938-F468183DFB25} = {9F3D8639-2A2B-4B1C-88F0-56EB14C12E09}
		{63BE277B-5BBD-43FD-B9AA-E0CCCD1723BC} = {DC544674-9E95-4F6E-94C8-545A77391E66}
		{75E53D5F-F660-4C14-B182-9CDCE29C16E9} = {63BE277B-5BBD-43FD-B9AA-E0CCCD1723BC}
	EndGlobalSection
	GlobalSection(ExtensibilityGlobals) = postSolution
		SolutionGuid = {D5D1ECA0-C4FC-4886-ABDA-F867CC0914D9}
	EndGlobalSection
EndGlobal
